{
  "nodes": {
    "cachix": {
      "locked": {
        "lastModified": 1656537056,
        "narHash": "sha256-Su/s7zT9EDnZLKWCdzziUlz17c+izbfjRmcA1QhA7ds=",
        "owner": "cachix",
        "repo": "cachix",
        "rev": "29d21278fcdc5fc301155c14d3dce87bf7b89b4a",
        "type": "github"
      },
      "original": {
        "owner": "cachix",
        "ref": "connection-handling",
        "repo": "cachix",
        "type": "github"
      }
    },
    "nixos-hardware": {
      "locked": {
        "lastModified": 1656353817,
        "narHash": "sha256-UJEzMQcft/0Ilu4LWV7UH51mr5UCo28GL06BGO+djv4=",
        "owner": "nixos",
        "repo": "nixos-hardware",
        "rev": "78e7c2c397b0376526e83162b58de921362e3399",
        "type": "github"
      },
      "original": {
        "owner": "nixos",
        "repo": "nixos-hardware",
        "type": "github"
      }
    },
    "nixpkgs": {
      "locked": {
        "lastModified": 1656500841,
        "narHash": "sha256-13IRoh3uu29S4IfoVO6Sb0UPwzDhSqXoBKKQ4ssEzF0=",
        "owner": "nixos",
        "repo": "nixpkgs",
        "rev": "be6da3774db3746e6ae94bf412dd3707e35b2800",
        "type": "github"
      },
      "original": {
        "owner": "nixos",
        "ref": "nixos-22.05",
        "repo": "nixpkgs",
        "type": "github"
      }
    },
    "root": {
      "inputs": {
        "cachix": "cachix",
        "nixos-hardware": "nixos-hardware",
        "nixpkgs": "nixpkgs"
      }
    }
  },
  "root": "root",
  "version": 7
}
