{
  "nodes": {
    "cachix": {
      "locked": {
        "lastModified": 1656602124,
        "narHash": "sha256-HAdgjkT0mNYRNJEdYrnOPefvYlw1eCiRl0RcL/jR8zU=",
        "owner": "cachix",
        "repo": "cachix",
        "rev": "f016bd6873789e91bfea3ce1f3b5bbddf540497e",
        "type": "github"
      },
      "original": {
        "owner": "cachix",
        "ref": "connection-handling",
        "repo": "cachix",
        "type": "github"
      }
    },
    "nixos-hardware": {
      "locked": {
        "lastModified": 1656353817,
        "narHash": "sha256-UJEzMQcft/0Ilu4LWV7UH51mr5UCo28GL06BGO+djv4=",
        "owner": "nixos",
        "repo": "nixos-hardware",
        "rev": "78e7c2c397b0376526e83162b58de921362e3399",
        "type": "github"
      },
      "original": {
        "owner": "nixos",
        "repo": "nixos-hardware",
        "type": "github"
      }
    },
    "nixpkgs": {
      "locked": {
        "lastModified": 1656602834,
        "narHash": "sha256-5g8ll8kgstMtdAhKdAfkv5YuhmxVE+77IuFBubK3i3k=",
        "owner": "domenkozar",
        "repo": "nixpkgs",
        "rev": "728605f042deceb41eaf514b6f1b7511c9719804",
        "type": "github"
      },
      "original": {
        "owner": "domenkozar",
        "ref": "backport-cachix-agent-verbose-22.05",
        "repo": "nixpkgs",
        "type": "github"
      }
    },
    "root": {
      "inputs": {
        "cachix": "cachix",
        "nixos-hardware": "nixos-hardware",
        "nixpkgs": "nixpkgs"
      }
    }
  },
  "root": "root",
  "version": 7
}
