{
  "nodes": {
    "cachix": {
      "locked": {
        "lastModified": 1658799865,
        "narHash": "sha256-1fiGFFooZzRAeXZ1OOyWmzFqnRz+lEjrV1MSuE4jqEg=",
        "owner": "cachix",
        "repo": "cachix",
        "rev": "b2993e483289db0ec66e8e6cce1dc0433c0f0c9c",
        "type": "github"
      },
      "original": {
        "owner": "cachix",
        "repo": "cachix",
        "type": "github"
      }
    },
    "cachix-deploy-flake": {
      "inputs": {
        "darwin": "darwin"
      },
      "locked": {
        "lastModified": 1658796946,
        "narHash": "sha256-DMxJcRYXgRdXcrwGOs6NY1T8ZDJM2TD2R6HsJa+XUDk=",
        "owner": "cachix",
        "repo": "cachix-deploy-flake",
        "rev": "3a4dff2102692e0ac00a880a99b29007ddc82974",
        "type": "github"
      },
      "original": {
        "owner": "cachix",
        "repo": "cachix-deploy-flake",
        "type": "github"
      }
    },
    "darwin": {
      "inputs": {
        "nixpkgs": "nixpkgs"
      },
      "locked": {
        "lastModified": 1657835815,
        "narHash": "sha256-CnZszAYpNKydh6N7+xg+eRtWNVoAAGqc6bg+Lpgq1xc=",
        "owner": "LnL7",
        "repo": "nix-darwin",
        "rev": "54a24f042f93c79f5679f133faddedec61955cf2",
        "type": "github"
      },
      "original": {
        "owner": "LnL7",
        "repo": "nix-darwin",
        "type": "github"
      }
    },
    "nixos-hardware": {
      "locked": {
        "lastModified": 1658401027,
        "narHash": "sha256-z/sDfzsFOoWNO9nZGfxDCNjHqXvSVZLDBDSgzr9qDXE=",
        "owner": "nixos",
        "repo": "nixos-hardware",
        "rev": "83009edccc2e24afe3d0165ed98b60ff7471a5f8",
        "type": "github"
      },
      "original": {
        "owner": "nixos",
        "repo": "nixos-hardware",
        "type": "github"
      }
    },
    "nixpkgs": {
      "locked": {
        "lastModified": 1602411953,
        "narHash": "sha256-gbupmxRpoQZqL5NBQCJN2GI5G7XDEHHHYKhVwEj5+Ps=",
        "owner": "LnL7",
        "repo": "nixpkgs",
        "rev": "f780534ea2d0c12e62607ff254b6b45f46653f7a",
        "type": "github"
      },
      "original": {
        "id": "nixpkgs",
        "type": "indirect"
      }
    },
    "nixpkgs_2": {
      "locked": {
        "lastModified": 1658682607,
        "narHash": "sha256-XZ1fKlEkAQvgocuBYq9lXEP3eNW6gF9JHsPVsvkWMhU=",
        "owner": "NixOS",
        "repo": "nixpkgs",
        "rev": "d1ca40ea766da1b639937084d18d3e54e4e5da1b",
        "type": "github"
      },
      "original": {
        "owner": "NixOS",
        "ref": "nixos-22.05",
        "repo": "nixpkgs",
        "type": "github"
      }
    },
    "root": {
      "inputs": {
        "cachix": "cachix",
        "cachix-deploy-flake": "cachix-deploy-flake",
        "nixos-hardware": "nixos-hardware",
        "nixpkgs": "nixpkgs_2"
      }
    }
  },
  "root": "root",
  "version": 7
}
